<?xml version="1.0" encoding="utf-8"?>
<Project ToolsVersion="4.0" xmlns="http://schemas.microsoft.com/developer/msbuild/2003">
  <ItemGroup>
    <Filter Include="Archivos de origen">
      <UniqueIdentifier>{4FC737F1-C7A5-4376-A066-2A32D752A2FF}</UniqueIdentifier>
      <Extensions>cpp;c;cc;cxx;c++;cppm;ixx;def;odl;idl;hpj;bat;asm;asmx</Extensions>
    </Filter>
    <Filter Include="Archivos de encabezado">
      <UniqueIdentifier>{93995380-89BD-4b04-88EB-625FBE52EBFB}</UniqueIdentifier>
      <Extensions>h;hh;hpp;hxx;h++;hm;inl;inc;ipp;xsd</Extensions>
    </Filter>
    <Filter Include="Archivos de recursos">
      <UniqueIdentifier>{67DA6AB6-F800-4c08-8B7A-83BB121AAD01}</UniqueIdentifier>
      <Extensions>rc;ico;cur;bmp;dlg;rc2;rct;bin;rgs;gif;jpg;jpeg;jpe;resx;tiff;tif;png;wav;mfcribbon-ms</Extensions>
    </Filter>
    <Filter Include="Fundamentals">
      <UniqueIdentifier>{b6e66472-70af-401a-a41d-56d0d436c53b}</UniqueIdentifier>
    </Filter>
    <Filter Include="Fundamentals\hFiles">
      <UniqueIdentifier>{19ffcedf-f339-45e9-8111-ddc9a166470d}</UniqueIdentifier>
    </Filter>
    <Filter Include="Fundamentals\cppFiles">
      <UniqueIdentifier>{fdcd20c0-4ecd-4f0d-b8d0-8fcba581b9cd}</UniqueIdentifier>
    </Filter>
    <Filter Include="BaseComponents">
      <UniqueIdentifier>{3a6d7f2f-d1df-469c-99b7-bc515f71bb63}</UniqueIdentifier>
    </Filter>
    <Filter Include="BaseComponents\cppFiles">
      <UniqueIdentifier>{d6b89ad1-3740-4d1c-9574-3db6fa85137a}</UniqueIdentifier>
    </Filter>
    <Filter Include="BaseComponents\hFiles">
      <UniqueIdentifier>{4f29abac-62c3-4a95-99b5-39237b5d28a1}</UniqueIdentifier>
    </Filter>
    <Filter Include="Containers">
      <UniqueIdentifier>{c5c9fdfc-7b8e-48f6-88b2-762ab3f88e66}</UniqueIdentifier>
    </Filter>
  </ItemGroup>
  <ItemGroup>
    <ClCompile Include="Vec2.cpp">
      <Filter>Fundamentals\cppFiles</Filter>
    </ClCompile>
    <ClCompile Include="main.cpp">
      <Filter>Fundamentals\cppFiles</Filter>
    </ClCompile>
    <ClCompile Include="Game.cpp">
      <Filter>Fundamentals\cppFiles</Filter>
    </ClCompile>
    <ClCompile Include="Transform.cpp">
      <Filter>Fundamentals\cppFiles</Filter>
    </ClCompile>
    <ClCompile Include="GameObject.cpp">
      <Filter>Fundamentals\cppFiles</Filter>
    </ClCompile>
    <ClCompile Include="Jugador.cpp">
      <Filter>Archivos de origen</Filter>
    </ClCompile>
    <ClCompile Include="Component.cpp">
      <Filter>Fundamentals\cppFiles</Filter>
    </ClCompile>
    <ClCompile Include="Renderer.cpp">
      <Filter>BaseComponents\cppFiles</Filter>
    </ClCompile>
    <ClCompile Include="RayLibTranslator.cpp">
      <Filter>Fundamentals\cppFiles</Filter>
    </ClCompile>
    <ClCompile Include="AssetsReferencerer.cpp">
      <Filter>Fundamentals\cppFiles</Filter>
    </ClCompile>
  </ItemGroup>
  <ItemGroup>
    <ClInclude Include="Vec2.h">
      <Filter>Fundamentals\hFiles</Filter>
    </ClInclude>
    <ClInclude Include="Game.h">
      <Filter>Fundamentals\hFiles</Filter>
    </ClInclude>
    <ClInclude Include="GameObject.h">
      <Filter>Fundamentals\hFiles</Filter>
    </ClInclude>
    <ClInclude Include="Transform.h">
      <Filter>Fundamentals\hFiles</Filter>
    </ClInclude>
    <ClInclude Include="Jugador.h">
      <Filter>Archivos de encabezado</Filter>
    </ClInclude>
    <ClInclude Include="Component.h">
      <Filter>Fundamentals\hFiles</Filter>
    </ClInclude>
    <ClInclude Include="Renderer.h">
      <Filter>BaseComponents\hFiles</Filter>
    </ClInclude>
    <ClInclude Include="CoolEngine.h">
      <Filter>Containers</Filter>
    </ClInclude>
    <ClInclude Include="CoolComponents.h">
      <Filter>Containers</Filter>
    </ClInclude>
    <ClInclude Include="CoolPhysics.h">
      <Filter>Containers</Filter>
    </ClInclude>
    <ClInclude Include="RayLibTranslator.h">
      <Filter>Fundamentals\hFiles</Filter>
    </ClInclude>
    <ClInclude Include="AssetsReferencerer.h">
      <Filter>Fundamentals\hFiles</Filter>
    </ClInclude>
  </ItemGroup>
</Project>